
Microsoft Visual Studio Solution File, Format Version 12.00
# Visual Studio 15
VisualStudioVersion = 15.0.26730.15
MinimumVisualStudioVersion = 10.0.40219.1
Project("{FAE04EC0-301F-11D3-BF4B-00C04F79EFBC}") = "DemoApplication", "DemoApplication\DemoApplication.csproj", "{F4823A22-3D97-4814-8FD4-13017B759A7E}"
EndProject
Project("{FAE04EC0-301F-11D3-BF4B-00C04F79EFBC}") = "DemoApplication.Tests", "DemoApplication.Tests\DemoApplication.Tests.csproj", "{82270CE0-9E60-48DE-A8BB-EECFB1E3041F}"
EndProject
Global
	GlobalSection(SolutionConfigurationPlatforms) = preSolution
		Debug|Any CPU = Debug|Any CPU
		Release|Any CPU = Release|Any CPU
	EndGlobalSection
	GlobalSection(ProjectConfigurationPlatforms) = postSolution
		{F4823A22-3D97-4814-8FD4-13017B759A7E}.Debug|Any CPU.ActiveCfg = Debug|Any CPU
		{F4823A22-3D97-4814-8FD4-13017B759A7E}.Debug|Any CPU.Build.0 = Debug|Any CPU
		{F4823A22-3D97-4814-8FD4-13017B759A7E}.Release|Any CPU.ActiveCfg = Release|Any CPU
		{F4823A22-3D97-4814-8FD4-13017B759A7E}.Release|Any CPU.Build.0 = Release|Any CPU
		{82270CE0-9E60-48DE-A8BB-EECFB1E3041F}.Debug|Any CPU.ActiveCfg = Debug|Any CPU
		{82270CE0-9E60-48DE-A8BB-EECFB1E3041F}.Debug|Any CPU.Build.0 = Debug|Any CPU
		{82270CE0-9E60-48DE-A8BB-EECFB1E3041F}.Release|Any CPU.ActiveCfg = Release|Any CPU
		{82270CE0-9E60-48DE-A8BB-EECFB1E3041F}.Release|Any CPU.Build.0 = Release|Any CPU
	EndGlobalSection
	GlobalSection(SolutionProperties) = preSolution
		HideSolutionNode = FALSE
	EndGlobalSection
	GlobalSection(ExtensibilityGlobals) = postSolution
		SolutionGuid = {8BEEB71E-E41C-42BF-90A7-684BF974B199}
	EndGlobalSection
EndGlobal
